
Microsoft Visual Studio Solution File, Format Version 12.00
# Visual Studio Version 16
VisualStudioVersion = 16.0.28729.10
MinimumVisualStudioVersion = 10.0.40219.1
Project("{2150E333-8FDC-42A3-9474-1A3956D46DE8}") = "_docs", "_docs", "{976DA5A4-359E-4F54-87CE-354B079B64E3}"
	ProjectSection(SolutionItems) = preProject
		README.md = README.md
	EndProjectSection
EndProject
Project("{9A19103F-16F7-4668-BE54-9A1E7A4F7556}") = "Quick.Models", "Quick.Models\Quick.Models.csproj", "{BC7F1ADE-B0BD-4568-B020-64A7DA314C25}"
EndProject
Project("{9A19103F-16F7-4668-BE54-9A1E7A4F7556}") = "Quick.IService", "Quick.IService\Quick.IService.csproj", "{8B0F68F7-CB3E-4B1A-9542-238FFB682F0B}"
EndProject
Project("{9A19103F-16F7-4668-BE54-9A1E7A4F7556}") = "Quick.Service", "Quick.Service\Quick.Service.csproj", "{997FB2A2-0298-45D5-84B4-BC2BF57FFC16}"
EndProject
Project("{9A19103F-16F7-4668-BE54-9A1E7A4F7556}") = "Quick.Common", "Quick.Common\Quick.Common.csproj", "{6864CF53-2BC8-43A9-8FA7-56A94717BD3E}"
EndProject
Project("{9A19103F-16F7-4668-BE54-9A1E7A4F7556}") = "QuickWeb", "QuickWeb\QuickWeb.csproj", "{08301275-DE5F-4943-B98A-6A6D82846029}"
EndProject
Global
	GlobalSection(SolutionConfigurationPlatforms) = preSolution
		Debug|Any CPU = Debug|Any CPU
		Release|Any CPU = Release|Any CPU
	EndGlobalSection
	GlobalSection(ProjectConfigurationPlatforms) = postSolution
		{BC7F1ADE-B0BD-4568-B020-64A7DA314C25}.Debug|Any CPU.ActiveCfg = Debug|Any CPU
		{BC7F1ADE-B0BD-4568-B020-64A7DA314C25}.Debug|Any CPU.Build.0 = Debug|Any CPU
		{BC7F1ADE-B0BD-4568-B020-64A7DA314C25}.Release|Any CPU.ActiveCfg = Release|Any CPU
		{BC7F1ADE-B0BD-4568-B020-64A7DA314C25}.Release|Any CPU.Build.0 = Release|Any CPU
		{8B0F68F7-CB3E-4B1A-9542-238FFB682F0B}.Debug|Any CPU.ActiveCfg = Debug|Any CPU
		{8B0F68F7-CB3E-4B1A-9542-238FFB682F0B}.Debug|Any CPU.Build.0 = Debug|Any CPU
		{8B0F68F7-CB3E-4B1A-9542-238FFB682F0B}.Release|Any CPU.ActiveCfg = Release|Any CPU
		{8B0F68F7-CB3E-4B1A-9542-238FFB682F0B}.Release|Any CPU.Build.0 = Release|Any CPU
		{997FB2A2-0298-45D5-84B4-BC2BF57FFC16}.Debug|Any CPU.ActiveCfg = Debug|Any CPU
		{997FB2A2-0298-45D5-84B4-BC2BF57FFC16}.Debug|Any CPU.Build.0 = Debug|Any CPU
		{997FB2A2-0298-45D5-84B4-BC2BF57FFC16}.Release|Any CPU.ActiveCfg = Release|Any CPU
		{997FB2A2-0298-45D5-84B4-BC2BF57FFC16}.Release|Any CPU.Build.0 = Release|Any CPU
		{6864CF53-2BC8-43A9-8FA7-56A94717BD3E}.Debug|Any CPU.ActiveCfg = Debug|Any CPU
		{6864CF53-2BC8-43A9-8FA7-56A94717BD3E}.Debug|Any CPU.Build.0 = Debug|Any CPU
		{6864CF53-2BC8-43A9-8FA7-56A94717BD3E}.Release|Any CPU.ActiveCfg = Release|Any CPU
		{6864CF53-2BC8-43A9-8FA7-56A94717BD3E}.Release|Any CPU.Build.0 = Release|Any CPU
		{08301275-DE5F-4943-B98A-6A6D82846029}.Debug|Any CPU.ActiveCfg = Debug|Any CPU
		{08301275-DE5F-4943-B98A-6A6D82846029}.Debug|Any CPU.Build.0 = Debug|Any CPU
		{08301275-DE5F-4943-B98A-6A6D82846029}.Release|Any CPU.ActiveCfg = Release|Any CPU
		{08301275-DE5F-4943-B98A-6A6D82846029}.Release|Any CPU.Build.0 = Release|Any CPU
	EndGlobalSection
	GlobalSection(SolutionProperties) = preSolution
		HideSolutionNode = FALSE
	EndGlobalSection
	GlobalSection(ExtensibilityGlobals) = postSolution
		SolutionGuid = {9D4C4B44-E271-45A2-9826-AD7C8A2BCD9D}
	EndGlobalSection
EndGlobal
